// !$*UTF8*$!
{
	archiveVersion = 1;
	classes = {
	};
	objectVersion = 46;
	objects = {

/* Begin PBXFileReference section */
		156E077016F2F029002A0343 /* md_workflow.py */ = {isa = PBXFileReference; lastKnownFileType = text.script.python; path = md_workflow.py; sourceTree = "<group>"; };
		156E077116F2F168002A0343 /* md_workflow.js */ = {isa = PBXFileReference; lastKnownFileType = sourcecode.javascript; path = md_workflow.js; sourceTree = "<group>"; };
		156E077216F2F2E2002A0343 /* md_workflow.html */ = {isa = PBXFileReference; lastKnownFileType = text.html; path = md_workflow.html; sourceTree = "<group>"; };
		156E077316F2F446002A0343 /* README.md */ = {isa = PBXFileReference; lastKnownFileType = text; path = README.md; sourceTree = "<group>"; };
/* End PBXFileReference section */

/* Begin PBXGroup section */
		156E076916F2EFFD002A0343 = {
			isa = PBXGroup;
			children = (
				156E077216F2F2E2002A0343 /* md_workflow.html */,
				156E077316F2F446002A0343 /* README.md */,
				156E077016F2F029002A0343 /* md_workflow.py */,
				156E077116F2F168002A0343 /* md_workflow.js */,
			);
			sourceTree = "<group>";
		};
/* End PBXGroup section */

/* Begin PBXProject section */
		156E076A16F2EFFD002A0343 /* Project object */ = {
			isa = PBXProject;
			attributes = {
				LastUpgradeCheck = 0460;
			};
			buildConfigurationList = 156E076D16F2EFFD002A0343 /* Build configuration list for PBXProject "Mendeley - DSpace Workflow" */;
			compatibilityVersion = "Xcode 3.2";
			developmentRegion = English;
			hasScannedForEncodings = 0;
			knownRegions = (
				en,
			);
			mainGroup = 156E076916F2EFFD002A0343;
			projectDirPath = "";
			projectRoot = "";
			targets = (
			);
		};
/* End PBXProject section */

/* Begin XCBuildConfiguration section */
		156E076E16F2EFFD002A0343 /* Debug */ = {
			isa = XCBuildConfiguration;
			buildSettings = {
			};
			name = Debug;
		};
		156E076F16F2EFFD002A0343 /* Release */ = {
			isa = XCBuildConfiguration;
			buildSettings = {
			};
			name = Release;
		};
/* End XCBuildConfiguration section */

/* Begin XCConfigurationList section */
		156E076D16F2EFFD002A0343 /* Build configuration list for PBXProject "Mendeley - DSpace Workflow" */ = {
			isa = XCConfigurationList;
			buildConfigurations = (
				156E076E16F2EFFD002A0343 /* Debug */,
				156E076F16F2EFFD002A0343 /* Release */,
			);
			defaultConfigurationIsVisible = 0;
			defaultConfigurationName = Release;
		};
/* End XCConfigurationList section */
	};
	rootObject = 156E076A16F2EFFD002A0343 /* Project object */;
}
