// !$*UTF8*$!
{
	archiveVersion = 1;
	classes = {
	};
	objectVersion = 46;
	objects = {

/* Begin PBXGroup section */
		156E076916F2EFFD002A0343 = {
			isa = PBXGroup;
			children = (
			);
			sourceTree = "<group>";
		};
/* End PBXGroup section */

/* Begin PBXProject section */
		156E076A16F2EFFD002A0343 /* Project object */ = {
			isa = PBXProject;
			attributes = {
				LastUpgradeCheck = 0460;
			};
			buildConfigurationList = 156E076D16F2EFFD002A0343 /* Build configuration list for PBXProject "Mendeley - DSpace Workflow" */;
			compatibilityVersion = "Xcode 3.2";
			developmentRegion = English;
			hasScannedForEncodings = 0;
			knownRegions = (
				en,
			);
			mainGroup = 156E076916F2EFFD002A0343;
			projectDirPath = "";
			projectRoot = "";
			targets = (
			);
		};
/* End PBXProject section */

/* Begin XCBuildConfiguration section */
		156E076E16F2EFFD002A0343 /* Debug */ = {
			isa = XCBuildConfiguration;
			buildSettings = {
			};
			name = Debug;
		};
		156E076F16F2EFFD002A0343 /* Release */ = {
			isa = XCBuildConfiguration;
			buildSettings = {
			};
			name = Release;
		};
/* End XCBuildConfiguration section */

/* Begin XCConfigurationList section */
		156E076D16F2EFFD002A0343 /* Build configuration list for PBXProject "Mendeley - DSpace Workflow" */ = {
			isa = XCConfigurationList;
			buildConfigurations = (
				156E076E16F2EFFD002A0343 /* Debug */,
				156E076F16F2EFFD002A0343 /* Release */,
			);
			defaultConfigurationIsVisible = 0;
			defaultConfigurationName = Release;
		};
/* End XCConfigurationList section */
	};
	rootObject = 156E076A16F2EFFD002A0343 /* Project object */;
}
